// !$*UTF8*$!
{
	archiveVersion = 1;
	classes = {
	};
	objectVersion = 55;
	objects = {

/* Begin PBXBuildFile section */
		3B53B99927E3BD3A003F2A6E /* NYTApp.swift in Sources */ = {isa = PBXBuildFile; fileRef = 3B53B99827E3BD3A003F2A6E /* NYTApp.swift */; };
		3B53B99D27E3BD3D003F2A6E /* Assets.xcassets in Resources */ = {isa = PBXBuildFile; fileRef = 3B53B99C27E3BD3D003F2A6E /* Assets.xcassets */; };
		3B53B9A027E3BD3D003F2A6E /* Preview Assets.xcassets in Resources */ = {isa = PBXBuildFile; fileRef = 3B53B99F27E3BD3D003F2A6E /* Preview Assets.xcassets */; };
		3B53B9AA27E3BD3D003F2A6E /* NYTTests.swift in Sources */ = {isa = PBXBuildFile; fileRef = 3B53B9A927E3BD3D003F2A6E /* NYTTests.swift */; };
		3B53B9B427E3BD3D003F2A6E /* NYTUITests.swift in Sources */ = {isa = PBXBuildFile; fileRef = 3B53B9B327E3BD3D003F2A6E /* NYTUITests.swift */; };
		3B53B9B627E3BD3D003F2A6E /* NYTUITestsLaunchTests.swift in Sources */ = {isa = PBXBuildFile; fileRef = 3B53B9B527E3BD3D003F2A6E /* NYTUITestsLaunchTests.swift */; };
		3B53B9C727E3C044003F2A6E /* ArticleListResponse.swift in Sources */ = {isa = PBXBuildFile; fileRef = 3B53B9C627E3C044003F2A6E /* ArticleListResponse.swift */; };
		3B53B9C927E3C09B003F2A6E /* ArticleListViewModel.swift in Sources */ = {isa = PBXBuildFile; fileRef = 3B53B9C827E3C09B003F2A6E /* ArticleListViewModel.swift */; };
		3B53B9E027E3D767003F2A6E /* NetworkError.swift in Sources */ = {isa = PBXBuildFile; fileRef = 3B53B9DF27E3D767003F2A6E /* NetworkError.swift */; };
		3B53B9E227E3D78D003F2A6E /* NetworkRequest.swift in Sources */ = {isa = PBXBuildFile; fileRef = 3B53B9E127E3D78D003F2A6E /* NetworkRequest.swift */; };
		3B53B9E427E3D7B8003F2A6E /* NetworkConstants.swift in Sources */ = {isa = PBXBuildFile; fileRef = 3B53B9E327E3D7B8003F2A6E /* NetworkConstants.swift */; };
		3B53B9E627E3D7D4003F2A6E /* URLRequest+Convenience.swift in Sources */ = {isa = PBXBuildFile; fileRef = 3B53B9E527E3D7D4003F2A6E /* URLRequest+Convenience.swift */; };
		3B53B9E927E3D8B5003F2A6E /* ArticleListRequest.swift in Sources */ = {isa = PBXBuildFile; fileRef = 3B53B9E827E3D8B5003F2A6E /* ArticleListRequest.swift */; };
		3B53B9ED27E3DF76003F2A6E /* ArticleListRepository.swift in Sources */ = {isa = PBXBuildFile; fileRef = 3B53B9EC27E3DF76003F2A6E /* ArticleListRepository.swift */; };
		3B53B9F027E3E083003F2A6E /* ArticleListLocalDatasource.swift in Sources */ = {isa = PBXBuildFile; fileRef = 3B53B9EF27E3E083003F2A6E /* ArticleListLocalDatasource.swift */; };
		3B53B9F227E3E0CE003F2A6E /* ArticleListRemoteDatasource.swift in Sources */ = {isa = PBXBuildFile; fileRef = 3B53B9F127E3E0CE003F2A6E /* ArticleListRemoteDatasource.swift */; };
		3B53B9F627E454E9003F2A6E /* ArticleListView.swift in Sources */ = {isa = PBXBuildFile; fileRef = 3B53B9F527E454E9003F2A6E /* ArticleListView.swift */; };
		3B53B9F827E45609003F2A6E /* ViewDidLoadModifier.swift in Sources */ = {isa = PBXBuildFile; fileRef = 3B53B9F727E45609003F2A6E /* ViewDidLoadModifier.swift */; };
		3B53B9FA27E45693003F2A6E /* ArticleListCell.swift in Sources */ = {isa = PBXBuildFile; fileRef = 3B53B9F927E45693003F2A6E /* ArticleListCell.swift */; };
		3B53B9FC27E45D27003F2A6E /* ArticleDetailView.swift in Sources */ = {isa = PBXBuildFile; fileRef = 3B53B9FB27E45D27003F2A6E /* ArticleDetailView.swift */; };
		3B53B9FE27E466C8003F2A6E /* AsyncImageView.swift in Sources */ = {isa = PBXBuildFile; fileRef = 3B53B9FD27E466C8003F2A6E /* AsyncImageView.swift */; };
		3B53BA0127E4688E003F2A6E /* Kingfisher in Frameworks */ = {isa = PBXBuildFile; productRef = 3B53BA0027E4688E003F2A6E /* Kingfisher */; };
		3B53BA0527E4754B003F2A6E /* ArticleDetailCellView.swift in Sources */ = {isa = PBXBuildFile; fileRef = 3B53BA0427E4754B003F2A6E /* ArticleDetailCellView.swift */; };
		3B53BA0827E47D2C003F2A6E /* ArticleDetailViewModel.swift in Sources */ = {isa = PBXBuildFile; fileRef = 3B53BA0727E47D2C003F2A6E /* ArticleDetailViewModel.swift */; };
		3B53BA0B27E48C40003F2A6E /* MockNetworkManager.swift in Sources */ = {isa = PBXBuildFile; fileRef = 3B53BA0A27E48C40003F2A6E /* MockNetworkManager.swift */; };
		3B53BA0E27E48CB3003F2A6E /* ArticleListTests.swift in Sources */ = {isa = PBXBuildFile; fileRef = 3B53BA0D27E48CB3003F2A6E /* ArticleListTests.swift */; };
		3B53BA1527E49189003F2A6E /* nyt_popular_response.json in Resources */ = {isa = PBXBuildFile; fileRef = 3B53BA1427E49189003F2A6E /* nyt_popular_response.json */; };
		3B53BA1727E4A323003F2A6E /* nyt_error_response.json in Resources */ = {isa = PBXBuildFile; fileRef = 3B53BA1627E4A323003F2A6E /* nyt_error_response.json */; };
		3B53BA1927E4E5AF003F2A6E /* ArticleListPresentable.swift in Sources */ = {isa = PBXBuildFile; fileRef = 3B53BA1827E4E5AF003F2A6E /* ArticleListPresentable.swift */; };
		3B53BA1B27E4E90E003F2A6E /* Article+Extension.swift in Sources */ = {isa = PBXBuildFile; fileRef = 3B53BA1A27E4E90E003F2A6E /* Article+Extension.swift */; };
		3B53BA1D27E4EEC3003F2A6E /* NetworkContract.swift in Sources */ = {isa = PBXBuildFile; fileRef = 3B53BA1C27E4EEC3003F2A6E /* NetworkContract.swift */; };
/* End PBXBuildFile section */

/* Begin PBXContainerItemProxy section */
		3B53B9A627E3BD3D003F2A6E /* PBXContainerItemProxy */ = {
			isa = PBXContainerItemProxy;
			containerPortal = 3B53B98D27E3BD3A003F2A6E /* Project object */;
			proxyType = 1;
			remoteGlobalIDString = 3B53B99427E3BD3A003F2A6E;
			remoteInfo = NYT;
		};
		3B53B9B027E3BD3D003F2A6E /* PBXContainerItemProxy */ = {
			isa = PBXContainerItemProxy;
			containerPortal = 3B53B98D27E3BD3A003F2A6E /* Project object */;
			proxyType = 1;
			remoteGlobalIDString = 3B53B99427E3BD3A003F2A6E;
			remoteInfo = NYT;
		};
/* End PBXContainerItemProxy section */

/* Begin PBXFileReference section */
		3B53B99527E3BD3A003F2A6E /* NYT.app */ = {isa = PBXFileReference; explicitFileType = wrapper.application; includeInIndex = 0; path = NYT.app; sourceTree = BUILT_PRODUCTS_DIR; };
		3B53B99827E3BD3A003F2A6E /* NYTApp.swift */ = {isa = PBXFileReference; lastKnownFileType = sourcecode.swift; path = NYTApp.swift; sourceTree = "<group>"; };
		3B53B99C27E3BD3D003F2A6E /* Assets.xcassets */ = {isa = PBXFileReference; lastKnownFileType = folder.assetcatalog; path = Assets.xcassets; sourceTree = "<group>"; };
		3B53B99F27E3BD3D003F2A6E /* Preview Assets.xcassets */ = {isa = PBXFileReference; lastKnownFileType = folder.assetcatalog; path = "Preview Assets.xcassets"; sourceTree = "<group>"; };
		3B53B9A527E3BD3D003F2A6E /* NYTTests.xctest */ = {isa = PBXFileReference; explicitFileType = wrapper.cfbundle; includeInIndex = 0; path = NYTTests.xctest; sourceTree = BUILT_PRODUCTS_DIR; };
		3B53B9A927E3BD3D003F2A6E /* NYTTests.swift */ = {isa = PBXFileReference; lastKnownFileType = sourcecode.swift; path = NYTTests.swift; sourceTree = "<group>"; };
		3B53B9AF27E3BD3D003F2A6E /* NYTUITests.xctest */ = {isa = PBXFileReference; explicitFileType = wrapper.cfbundle; includeInIndex = 0; path = NYTUITests.xctest; sourceTree = BUILT_PRODUCTS_DIR; };
		3B53B9B327E3BD3D003F2A6E /* NYTUITests.swift */ = {isa = PBXFileReference; lastKnownFileType = sourcecode.swift; path = NYTUITests.swift; sourceTree = "<group>"; };
		3B53B9B527E3BD3D003F2A6E /* NYTUITestsLaunchTests.swift */ = {isa = PBXFileReference; lastKnownFileType = sourcecode.swift; path = NYTUITestsLaunchTests.swift; sourceTree = "<group>"; };
		3B53B9C627E3C044003F2A6E /* ArticleListResponse.swift */ = {isa = PBXFileReference; lastKnownFileType = sourcecode.swift; path = ArticleListResponse.swift; sourceTree = "<group>"; };
		3B53B9C827E3C09B003F2A6E /* ArticleListViewModel.swift */ = {isa = PBXFileReference; lastKnownFileType = sourcecode.swift; path = ArticleListViewModel.swift; sourceTree = "<group>"; };
		3B53B9DF27E3D767003F2A6E /* NetworkError.swift */ = {isa = PBXFileReference; lastKnownFileType = sourcecode.swift; path = NetworkError.swift; sourceTree = "<group>"; };
		3B53B9E127E3D78D003F2A6E /* NetworkRequest.swift */ = {isa = PBXFileReference; lastKnownFileType = sourcecode.swift; path = NetworkRequest.swift; sourceTree = "<group>"; };
		3B53B9E327E3D7B8003F2A6E /* NetworkConstants.swift */ = {isa = PBXFileReference; lastKnownFileType = sourcecode.swift; path = NetworkConstants.swift; sourceTree = "<group>"; };
		3B53B9E527E3D7D4003F2A6E /* URLRequest+Convenience.swift */ = {isa = PBXFileReference; lastKnownFileType = sourcecode.swift; path = "URLRequest+Convenience.swift"; sourceTree = "<group>"; };
		3B53B9E827E3D8B5003F2A6E /* ArticleListRequest.swift */ = {isa = PBXFileReference; lastKnownFileType = sourcecode.swift; path = ArticleListRequest.swift; sourceTree = "<group>"; };
		3B53B9EC27E3DF76003F2A6E /* ArticleListRepository.swift */ = {isa = PBXFileReference; lastKnownFileType = sourcecode.swift; path = ArticleListRepository.swift; sourceTree = "<group>"; };
		3B53B9EF27E3E083003F2A6E /* ArticleListLocalDatasource.swift */ = {isa = PBXFileReference; lastKnownFileType = sourcecode.swift; path = ArticleListLocalDatasource.swift; sourceTree = "<group>"; };
		3B53B9F127E3E0CE003F2A6E /* ArticleListRemoteDatasource.swift */ = {isa = PBXFileReference; lastKnownFileType = sourcecode.swift; path = ArticleListRemoteDatasource.swift; sourceTree = "<group>"; };
		3B53B9F527E454E9003F2A6E /* ArticleListView.swift */ = {isa = PBXFileReference; lastKnownFileType = sourcecode.swift; path = ArticleListView.swift; sourceTree = "<group>"; };
		3B53B9F727E45609003F2A6E /* ViewDidLoadModifier.swift */ = {isa = PBXFileReference; lastKnownFileType = sourcecode.swift; path = ViewDidLoadModifier.swift; sourceTree = "<group>"; };
		3B53B9F927E45693003F2A6E /* ArticleListCell.swift */ = {isa = PBXFileReference; lastKnownFileType = sourcecode.swift; path = ArticleListCell.swift; sourceTree = "<group>"; };
		3B53B9FB27E45D27003F2A6E /* ArticleDetailView.swift */ = {isa = PBXFileReference; lastKnownFileType = sourcecode.swift; path = ArticleDetailView.swift; sourceTree = "<group>"; };
		3B53B9FD27E466C8003F2A6E /* AsyncImageView.swift */ = {isa = PBXFileReference; lastKnownFileType = sourcecode.swift; path = AsyncImageView.swift; sourceTree = "<group>"; };
		3B53BA0427E4754B003F2A6E /* ArticleDetailCellView.swift */ = {isa = PBXFileReference; lastKnownFileType = sourcecode.swift; path = ArticleDetailCellView.swift; sourceTree = "<group>"; };
		3B53BA0727E47D2C003F2A6E /* ArticleDetailViewModel.swift */ = {isa = PBXFileReference; lastKnownFileType = sourcecode.swift; path = ArticleDetailViewModel.swift; sourceTree = "<group>"; };
		3B53BA0A27E48C40003F2A6E /* MockNetworkManager.swift */ = {isa = PBXFileReference; lastKnownFileType = sourcecode.swift; path = MockNetworkManager.swift; sourceTree = "<group>"; };
		3B53BA0D27E48CB3003F2A6E /* ArticleListTests.swift */ = {isa = PBXFileReference; lastKnownFileType = sourcecode.swift; path = ArticleListTests.swift; sourceTree = "<group>"; };
		3B53BA1427E49189003F2A6E /* nyt_popular_response.json */ = {isa = PBXFileReference; fileEncoding = 4; lastKnownFileType = text.json; path = nyt_popular_response.json; sourceTree = "<group>"; };
		3B53BA1627E4A323003F2A6E /* nyt_error_response.json */ = {isa = PBXFileReference; fileEncoding = 4; lastKnownFileType = text.json; path = nyt_error_response.json; sourceTree = "<group>"; };
		3B53BA1827E4E5AF003F2A6E /* ArticleListPresentable.swift */ = {isa = PBXFileReference; lastKnownFileType = sourcecode.swift; path = ArticleListPresentable.swift; sourceTree = "<group>"; };
		3B53BA1A27E4E90E003F2A6E /* Article+Extension.swift */ = {isa = PBXFileReference; lastKnownFileType = sourcecode.swift; path = "Article+Extension.swift"; sourceTree = "<group>"; };
		3B53BA1C27E4EEC3003F2A6E /* NetworkContract.swift */ = {isa = PBXFileReference; lastKnownFileType = sourcecode.swift; path = NetworkContract.swift; sourceTree = "<group>"; };
/* End PBXFileReference section */

/* Begin PBXFrameworksBuildPhase section */
		3B53B99227E3BD3A003F2A6E /* Frameworks */ = {
			isa = PBXFrameworksBuildPhase;
			buildActionMask = 2147483647;
			files = (
				3B53BA0127E4688E003F2A6E /* Kingfisher in Frameworks */,
			);
			runOnlyForDeploymentPostprocessing = 0;
		};
		3B53B9A227E3BD3D003F2A6E /* Frameworks */ = {
			isa = PBXFrameworksBuildPhase;
			buildActionMask = 2147483647;
			files = (
			);
			runOnlyForDeploymentPostprocessing = 0;
		};
		3B53B9AC27E3BD3D003F2A6E /* Frameworks */ = {
			isa = PBXFrameworksBuildPhase;
			buildActionMask = 2147483647;
			files = (
			);
			runOnlyForDeploymentPostprocessing = 0;
		};
/* End PBXFrameworksBuildPhase section */

/* Begin PBXGroup section */
		3B53B98C27E3BD3A003F2A6E = {
			isa = PBXGroup;
			children = (
				3B53B99727E3BD3A003F2A6E /* NYT */,
				3B53B9A827E3BD3D003F2A6E /* NYTTests */,
				3B53B9B227E3BD3D003F2A6E /* NYTUITests */,
				3B53B99627E3BD3A003F2A6E /* Products */,
			);
			sourceTree = "<group>";
		};
		3B53B99627E3BD3A003F2A6E /* Products */ = {
			isa = PBXGroup;
			children = (
				3B53B99527E3BD3A003F2A6E /* NYT.app */,
				3B53B9A527E3BD3D003F2A6E /* NYTTests.xctest */,
				3B53B9AF27E3BD3D003F2A6E /* NYTUITests.xctest */,
			);
			name = Products;
			sourceTree = "<group>";
		};
		3B53B99727E3BD3A003F2A6E /* NYT */ = {
			isa = PBXGroup;
			children = (
				3B53B9D027E3CA80003F2A6E /* Helpers */,
				3B53B9CA27E3C32B003F2A6E /* Networking */,
				3B53B9C227E3BDAF003F2A6E /* ArticleList */,
				3B53BA0227E47359003F2A6E /* Article Detail */,
				3B53B99827E3BD3A003F2A6E /* NYTApp.swift */,
				3B53B99C27E3BD3D003F2A6E /* Assets.xcassets */,
				3B53B99E27E3BD3D003F2A6E /* Preview Content */,
			);
			path = NYT;
			sourceTree = "<group>";
		};
		3B53B99E27E3BD3D003F2A6E /* Preview Content */ = {
			isa = PBXGroup;
			children = (
				3B53B99F27E3BD3D003F2A6E /* Preview Assets.xcassets */,
			);
			path = "Preview Content";
			sourceTree = "<group>";
		};
		3B53B9A827E3BD3D003F2A6E /* NYTTests */ = {
			isa = PBXGroup;
			children = (
				3B53BA0C27E48C70003F2A6E /* Article List Tests */,
				3B53BA0927E48C2F003F2A6E /* Mocks */,
				3B53B9A927E3BD3D003F2A6E /* NYTTests.swift */,
			);
			path = NYTTests;
			sourceTree = "<group>";
		};
		3B53B9B227E3BD3D003F2A6E /* NYTUITests */ = {
			isa = PBXGroup;
			children = (
				3B53B9B327E3BD3D003F2A6E /* NYTUITests.swift */,
				3B53B9B527E3BD3D003F2A6E /* NYTUITestsLaunchTests.swift */,
			);
			path = NYTUITests;
			sourceTree = "<group>";
		};
		3B53B9C227E3BDAF003F2A6E /* ArticleList */ = {
			isa = PBXGroup;
			children = (
				3B53B9EA27E3DF39003F2A6E /* Data */,
				3B53B9E727E3D8A7003F2A6E /* Services */,
				3B53B9C327E3BDF1003F2A6E /* Model */,
				3B53B9C427E3BDFA003F2A6E /* ViewModel */,
				3B53B9C527E3BE06003F2A6E /* View */,
			);
			path = ArticleList;
			sourceTree = "<group>";
		};
		3B53B9C327E3BDF1003F2A6E /* Model */ = {
			isa = PBXGroup;
			children = (
				3B53B9C627E3C044003F2A6E /* ArticleListResponse.swift */,
				3B53BA1A27E4E90E003F2A6E /* Article+Extension.swift */,
			);
			path = Model;
			sourceTree = "<group>";
		};
		3B53B9C427E3BDFA003F2A6E /* ViewModel */ = {
			isa = PBXGroup;
			children = (
				3B53B9C827E3C09B003F2A6E /* ArticleListViewModel.swift */,
			);
			path = ViewModel;
			sourceTree = "<group>";
		};
		3B53B9C527E3BE06003F2A6E /* View */ = {
			isa = PBXGroup;
			children = (
				3B53BA1827E4E5AF003F2A6E /* ArticleListPresentable.swift */,
				3B53B9F527E454E9003F2A6E /* ArticleListView.swift */,
				3B53B9F927E45693003F2A6E /* ArticleListCell.swift */,
				3B53B9FD27E466C8003F2A6E /* AsyncImageView.swift */,
			);
			path = View;
			sourceTree = "<group>";
		};
		3B53B9CA27E3C32B003F2A6E /* Networking */ = {
			isa = PBXGroup;
			children = (
				3B53B9DF27E3D767003F2A6E /* NetworkError.swift */,
				3B53BA1C27E4EEC3003F2A6E /* NetworkContract.swift */,
				3B53B9E127E3D78D003F2A6E /* NetworkRequest.swift */,
				3B53B9E327E3D7B8003F2A6E /* NetworkConstants.swift */,
				3B53B9E527E3D7D4003F2A6E /* URLRequest+Convenience.swift */,
			);
			path = Networking;
			sourceTree = "<group>";
		};
		3B53B9D027E3CA80003F2A6E /* Helpers */ = {
			isa = PBXGroup;
			children = (
				3B53B9F727E45609003F2A6E /* ViewDidLoadModifier.swift */,
			);
			path = Helpers;
			sourceTree = "<group>";
		};
		3B53B9E727E3D8A7003F2A6E /* Services */ = {
			isa = PBXGroup;
			children = (
				3B53B9E827E3D8B5003F2A6E /* ArticleListRequest.swift */,
			);
			path = Services;
			sourceTree = "<group>";
		};
		3B53B9EA27E3DF39003F2A6E /* Data */ = {
			isa = PBXGroup;
			children = (
				3B53B9EE27E3E037003F2A6E /* Datasource */,
				3B53B9EB27E3DF63003F2A6E /* Repository */,
			);
			path = Data;
			sourceTree = "<group>";
		};
		3B53B9EB27E3DF63003F2A6E /* Repository */ = {
			isa = PBXGroup;
			children = (
				3B53B9EC27E3DF76003F2A6E /* ArticleListRepository.swift */,
			);
			path = Repository;
			sourceTree = "<group>";
		};
		3B53B9EE27E3E037003F2A6E /* Datasource */ = {
			isa = PBXGroup;
			children = (
				3B53B9EF27E3E083003F2A6E /* ArticleListLocalDatasource.swift */,
				3B53B9F127E3E0CE003F2A6E /* ArticleListRemoteDatasource.swift */,
			);
			path = Datasource;
			sourceTree = "<group>";
		};
		3B53BA0227E47359003F2A6E /* Article Detail */ = {
			isa = PBXGroup;
			children = (
				3B53BA0627E47D1A003F2A6E /* ViewModel */,
				3B53BA0327E4737A003F2A6E /* View */,
			);
			path = "Article Detail";
			sourceTree = "<group>";
		};
		3B53BA0327E4737A003F2A6E /* View */ = {
			isa = PBXGroup;
			children = (
				3B53B9FB27E45D27003F2A6E /* ArticleDetailView.swift */,
				3B53BA0427E4754B003F2A6E /* ArticleDetailCellView.swift */,
			);
			path = View;
			sourceTree = "<group>";
		};
		3B53BA0627E47D1A003F2A6E /* ViewModel */ = {
			isa = PBXGroup;
			children = (
				3B53BA0727E47D2C003F2A6E /* ArticleDetailViewModel.swift */,
			);
			path = ViewModel;
			sourceTree = "<group>";
		};
		3B53BA0927E48C2F003F2A6E /* Mocks */ = {
			isa = PBXGroup;
			children = (
				3B53BA0A27E48C40003F2A6E /* MockNetworkManager.swift */,
			);
			path = Mocks;
			sourceTree = "<group>";
		};
		3B53BA0C27E48C70003F2A6E /* Article List Tests */ = {
			isa = PBXGroup;
			children = (
				3B53BA0F27E48DBF003F2A6E /* Responses */,
				3B53BA0D27E48CB3003F2A6E /* ArticleListTests.swift */,
			);
			path = "Article List Tests";
			sourceTree = "<group>";
		};
		3B53BA0F27E48DBF003F2A6E /* Responses */ = {
			isa = PBXGroup;
			children = (
				3B53BA1627E4A323003F2A6E /* nyt_error_response.json */,
				3B53BA1427E49189003F2A6E /* nyt_popular_response.json */,
			);
			path = Responses;
			sourceTree = "<group>";
		};
/* End PBXGroup section */

/* Begin PBXNativeTarget section */
		3B53B99427E3BD3A003F2A6E /* NYT */ = {
			isa = PBXNativeTarget;
			buildConfigurationList = 3B53B9B927E3BD3D003F2A6E /* Build configuration list for PBXNativeTarget "NYT" */;
			buildPhases = (
				3B53B99127E3BD3A003F2A6E /* Sources */,
				3B53B99227E3BD3A003F2A6E /* Frameworks */,
				3B53B99327E3BD3A003F2A6E /* Resources */,
			);
			buildRules = (
			);
			dependencies = (
			);
			name = NYT;
			packageProductDependencies = (
				3B53BA0027E4688E003F2A6E /* Kingfisher */,
			);
			productName = NYT;
			productReference = 3B53B99527E3BD3A003F2A6E /* NYT.app */;
			productType = "com.apple.product-type.application";
		};
		3B53B9A427E3BD3D003F2A6E /* NYTTests */ = {
			isa = PBXNativeTarget;
			buildConfigurationList = 3B53B9BC27E3BD3D003F2A6E /* Build configuration list for PBXNativeTarget "NYTTests" */;
			buildPhases = (
				3B53B9A127E3BD3D003F2A6E /* Sources */,
				3B53B9A227E3BD3D003F2A6E /* Frameworks */,
				3B53B9A327E3BD3D003F2A6E /* Resources */,
			);
			buildRules = (
			);
			dependencies = (
				3B53B9A727E3BD3D003F2A6E /* PBXTargetDependency */,
			);
			name = NYTTests;
			productName = NYTTests;
			productReference = 3B53B9A527E3BD3D003F2A6E /* NYTTests.xctest */;
			productType = "com.apple.product-type.bundle.unit-test";
		};
		3B53B9AE27E3BD3D003F2A6E /* NYTUITests */ = {
			isa = PBXNativeTarget;
			buildConfigurationList = 3B53B9BF27E3BD3D003F2A6E /* Build configuration list for PBXNativeTarget "NYTUITests" */;
			buildPhases = (
				3B53B9AB27E3BD3D003F2A6E /* Sources */,
				3B53B9AC27E3BD3D003F2A6E /* Frameworks */,
				3B53B9AD27E3BD3D003F2A6E /* Resources */,
			);
			buildRules = (
			);
			dependencies = (
				3B53B9B127E3BD3D003F2A6E /* PBXTargetDependency */,
			);
			name = NYTUITests;
			productName = NYTUITests;
			productReference = 3B53B9AF27E3BD3D003F2A6E /* NYTUITests.xctest */;
			productType = "com.apple.product-type.bundle.ui-testing";
		};
/* End PBXNativeTarget section */

/* Begin PBXProject section */
		3B53B98D27E3BD3A003F2A6E /* Project object */ = {
			isa = PBXProject;
			attributes = {
				BuildIndependentTargetsInParallel = 1;
				LastSwiftUpdateCheck = 1320;
				LastUpgradeCheck = 1320;
				TargetAttributes = {
					3B53B99427E3BD3A003F2A6E = {
						CreatedOnToolsVersion = 13.2.1;
					};
					3B53B9A427E3BD3D003F2A6E = {
						CreatedOnToolsVersion = 13.2.1;
						TestTargetID = 3B53B99427E3BD3A003F2A6E;
					};
					3B53B9AE27E3BD3D003F2A6E = {
						CreatedOnToolsVersion = 13.2.1;
						TestTargetID = 3B53B99427E3BD3A003F2A6E;
					};
				};
			};
			buildConfigurationList = 3B53B99027E3BD3A003F2A6E /* Build configuration list for PBXProject "NYT" */;
			compatibilityVersion = "Xcode 13.0";
			developmentRegion = en;
			hasScannedForEncodings = 0;
			knownRegions = (
				en,
				Base,
			);
			mainGroup = 3B53B98C27E3BD3A003F2A6E;
			packageReferences = (
				3B53B9FF27E4688E003F2A6E /* XCRemoteSwiftPackageReference "Kingfisher" */,
			);
			productRefGroup = 3B53B99627E3BD3A003F2A6E /* Products */;
			projectDirPath = "";
			projectRoot = "";
			targets = (
				3B53B99427E3BD3A003F2A6E /* NYT */,
				3B53B9A427E3BD3D003F2A6E /* NYTTests */,
				3B53B9AE27E3BD3D003F2A6E /* NYTUITests */,
			);
		};
/* End PBXProject section */

/* Begin PBXResourcesBuildPhase section */
		3B53B99327E3BD3A003F2A6E /* Resources */ = {
			isa = PBXResourcesBuildPhase;
			buildActionMask = 2147483647;
			files = (
				3B53B9A027E3BD3D003F2A6E /* Preview Assets.xcassets in Resources */,
				3B53B99D27E3BD3D003F2A6E /* Assets.xcassets in Resources */,
			);
			runOnlyForDeploymentPostprocessing = 0;
		};
		3B53B9A327E3BD3D003F2A6E /* Resources */ = {
			isa = PBXResourcesBuildPhase;
			buildActionMask = 2147483647;
			files = (
				3B53BA1527E49189003F2A6E /* nyt_popular_response.json in Resources */,
				3B53BA1727E4A323003F2A6E /* nyt_error_response.json in Resources */,
			);
			runOnlyForDeploymentPostprocessing = 0;
		};
		3B53B9AD27E3BD3D003F2A6E /* Resources */ = {
			isa = PBXResourcesBuildPhase;
			buildActionMask = 2147483647;
			files = (
			);
			runOnlyForDeploymentPostprocessing = 0;
		};
/* End PBXResourcesBuildPhase section */

/* Begin PBXSourcesBuildPhase section */
		3B53B99127E3BD3A003F2A6E /* Sources */ = {
			isa = PBXSourcesBuildPhase;
			buildActionMask = 2147483647;
			files = (
				3B53B9FA27E45693003F2A6E /* ArticleListCell.swift in Sources */,
				3B53B9F827E45609003F2A6E /* ViewDidLoadModifier.swift in Sources */,
				3B53B9E427E3D7B8003F2A6E /* NetworkConstants.swift in Sources */,
				3B53B9F627E454E9003F2A6E /* ArticleListView.swift in Sources */,
				3B53B9E227E3D78D003F2A6E /* NetworkRequest.swift in Sources */,
				3B53B9FE27E466C8003F2A6E /* AsyncImageView.swift in Sources */,
				3B53B9E027E3D767003F2A6E /* NetworkError.swift in Sources */,
				3B53B9E927E3D8B5003F2A6E /* ArticleListRequest.swift in Sources */,
				3B53B9E627E3D7D4003F2A6E /* URLRequest+Convenience.swift in Sources */,
				3B53BA1927E4E5AF003F2A6E /* ArticleListPresentable.swift in Sources */,
				3B53B9F027E3E083003F2A6E /* ArticleListLocalDatasource.swift in Sources */,
				3B53B9FC27E45D27003F2A6E /* ArticleDetailView.swift in Sources */,
				3B53B9C927E3C09B003F2A6E /* ArticleListViewModel.swift in Sources */,
				3B53BA1D27E4EEC3003F2A6E /* NetworkContract.swift in Sources */,
				3B53B9F227E3E0CE003F2A6E /* ArticleListRemoteDatasource.swift in Sources */,
				3B53BA1B27E4E90E003F2A6E /* Article+Extension.swift in Sources */,
				3B53B9ED27E3DF76003F2A6E /* ArticleListRepository.swift in Sources */,
				3B53B9C727E3C044003F2A6E /* ArticleListResponse.swift in Sources */,
				3B53B99927E3BD3A003F2A6E /* NYTApp.swift in Sources */,
				3B53BA0827E47D2C003F2A6E /* ArticleDetailViewModel.swift in Sources */,
				3B53BA0527E4754B003F2A6E /* ArticleDetailCellView.swift in Sources */,
			);
			runOnlyForDeploymentPostprocessing = 0;
		};
		3B53B9A127E3BD3D003F2A6E /* Sources */ = {
			isa = PBXSourcesBuildPhase;
			buildActionMask = 2147483647;
			files = (
				3B53BA0E27E48CB3003F2A6E /* ArticleListTests.swift in Sources */,
				3B53BA0B27E48C40003F2A6E /* MockNetworkManager.swift in Sources */,
				3B53B9AA27E3BD3D003F2A6E /* NYTTests.swift in Sources */,
			);
			runOnlyForDeploymentPostprocessing = 0;
		};
		3B53B9AB27E3BD3D003F2A6E /* Sources */ = {
			isa = PBXSourcesBuildPhase;
			buildActionMask = 2147483647;
			files = (
				3B53B9B627E3BD3D003F2A6E /* NYTUITestsLaunchTests.swift in Sources */,
				3B53B9B427E3BD3D003F2A6E /* NYTUITests.swift in Sources */,
			);
			runOnlyForDeploymentPostprocessing = 0;
		};
/* End PBXSourcesBuildPhase section */

/* Begin PBXTargetDependency section */
		3B53B9A727E3BD3D003F2A6E /* PBXTargetDependency */ = {
			isa = PBXTargetDependency;
			target = 3B53B99427E3BD3A003F2A6E /* NYT */;
			targetProxy = 3B53B9A627E3BD3D003F2A6E /* PBXContainerItemProxy */;
		};
		3B53B9B127E3BD3D003F2A6E /* PBXTargetDependency */ = {
			isa = PBXTargetDependency;
			target = 3B53B99427E3BD3A003F2A6E /* NYT */;
			targetProxy = 3B53B9B027E3BD3D003F2A6E /* PBXContainerItemProxy */;
		};
/* End PBXTargetDependency section */

/* Begin XCBuildConfiguration section */
		3B53B9B727E3BD3D003F2A6E /* Debug */ = {
			isa = XCBuildConfiguration;
			buildSettings = {
				ALWAYS_SEARCH_USER_PATHS = NO;
				CLANG_ANALYZER_NONNULL = YES;
				CLANG_ANALYZER_NUMBER_OBJECT_CONVERSION = YES_AGGRESSIVE;
				CLANG_CXX_LANGUAGE_STANDARD = "gnu++17";
				CLANG_CXX_LIBRARY = "libc++";
				CLANG_ENABLE_MODULES = YES;
				CLANG_ENABLE_OBJC_ARC = YES;
				CLANG_ENABLE_OBJC_WEAK = YES;
				CLANG_WARN_BLOCK_CAPTURE_AUTORELEASING = YES;
				CLANG_WARN_BOOL_CONVERSION = YES;
				CLANG_WARN_COMMA = YES;
				CLANG_WARN_CONSTANT_CONVERSION = YES;
				CLANG_WARN_DEPRECATED_OBJC_IMPLEMENTATIONS = YES;
				CLANG_WARN_DIRECT_OBJC_ISA_USAGE = YES_ERROR;
				CLANG_WARN_DOCUMENTATION_COMMENTS = YES;
				CLANG_WARN_EMPTY_BODY = YES;
				CLANG_WARN_ENUM_CONVERSION = YES;
				CLANG_WARN_INFINITE_RECURSION = YES;
				CLANG_WARN_INT_CONVERSION = YES;
				CLANG_WARN_NON_LITERAL_NULL_CONVERSION = YES;
				CLANG_WARN_OBJC_IMPLICIT_RETAIN_SELF = YES;
				CLANG_WARN_OBJC_LITERAL_CONVERSION = YES;
				CLANG_WARN_OBJC_ROOT_CLASS = YES_ERROR;
				CLANG_WARN_QUOTED_INCLUDE_IN_FRAMEWORK_HEADER = YES;
				CLANG_WARN_RANGE_LOOP_ANALYSIS = YES;
				CLANG_WARN_STRICT_PROTOTYPES = YES;
				CLANG_WARN_SUSPICIOUS_MOVE = YES;
				CLANG_WARN_UNGUARDED_AVAILABILITY = YES_AGGRESSIVE;
				CLANG_WARN_UNREACHABLE_CODE = YES;
				CLANG_WARN__DUPLICATE_METHOD_MATCH = YES;
				COPY_PHASE_STRIP = NO;
				DEBUG_INFORMATION_FORMAT = dwarf;
				ENABLE_STRICT_OBJC_MSGSEND = YES;
				ENABLE_TESTABILITY = YES;
				GCC_C_LANGUAGE_STANDARD = gnu11;
				GCC_DYNAMIC_NO_PIC = NO;
				GCC_NO_COMMON_BLOCKS = YES;
				GCC_OPTIMIZATION_LEVEL = 0;
				GCC_PREPROCESSOR_DEFINITIONS = (
					"DEBUG=1",
					"$(inherited)",
				);
				GCC_WARN_64_TO_32_BIT_CONVERSION = YES;
				GCC_WARN_ABOUT_RETURN_TYPE = YES_ERROR;
				GCC_WARN_UNDECLARED_SELECTOR = YES;
				GCC_WARN_UNINITIALIZED_AUTOS = YES_AGGRESSIVE;
				GCC_WARN_UNUSED_FUNCTION = YES;
				GCC_WARN_UNUSED_VARIABLE = YES;
				IPHONEOS_DEPLOYMENT_TARGET = 15.2;
				MTL_ENABLE_DEBUG_INFO = INCLUDE_SOURCE;
				MTL_FAST_MATH = YES;
				ONLY_ACTIVE_ARCH = YES;
				SDKROOT = iphoneos;
				SWIFT_ACTIVE_COMPILATION_CONDITIONS = DEBUG;
				SWIFT_OPTIMIZATION_LEVEL = "-Onone";
			};
			name = Debug;
		};
		3B53B9B827E3BD3D003F2A6E /* Release */ = {
			isa = XCBuildConfiguration;
			buildSettings = {
				ALWAYS_SEARCH_USER_PATHS = NO;
				CLANG_ANALYZER_NONNULL = YES;
				CLANG_ANALYZER_NUMBER_OBJECT_CONVERSION = YES_AGGRESSIVE;
				CLANG_CXX_LANGUAGE_STANDARD = "gnu++17";
				CLANG_CXX_LIBRARY = "libc++";
				CLANG_ENABLE_MODULES = YES;
				CLANG_ENABLE_OBJC_ARC = YES;
				CLANG_ENABLE_OBJC_WEAK = YES;
				CLANG_WARN_BLOCK_CAPTURE_AUTORELEASING = YES;
				CLANG_WARN_BOOL_CONVERSION = YES;
				CLANG_WARN_COMMA = YES;
				CLANG_WARN_CONSTANT_CONVERSION = YES;
				CLANG_WARN_DEPRECATED_OBJC_IMPLEMENTATIONS = YES;
				CLANG_WARN_DIRECT_OBJC_ISA_USAGE = YES_ERROR;
				CLANG_WARN_DOCUMENTATION_COMMENTS = YES;
				CLANG_WARN_EMPTY_BODY = YES;
				CLANG_WARN_ENUM_CONVERSION = YES;
				CLANG_WARN_INFINITE_RECURSION = YES;
				CLANG_WARN_INT_CONVERSION = YES;
				CLANG_WARN_NON_LITERAL_NULL_CONVERSION = YES;
				CLANG_WARN_OBJC_IMPLICIT_RETAIN_SELF = YES;
				CLANG_WARN_OBJC_LITERAL_CONVERSION = YES;
				CLANG_WARN_OBJC_ROOT_CLASS = YES_ERROR;
				CLANG_WARN_QUOTED_INCLUDE_IN_FRAMEWORK_HEADER = YES;
				CLANG_WARN_RANGE_LOOP_ANALYSIS = YES;
				CLANG_WARN_STRICT_PROTOTYPES = YES;
				CLANG_WARN_SUSPICIOUS_MOVE = YES;
				CLANG_WARN_UNGUARDED_AVAILABILITY = YES_AGGRESSIVE;
				CLANG_WARN_UNREACHABLE_CODE = YES;
				CLANG_WARN__DUPLICATE_METHOD_MATCH = YES;
				COPY_PHASE_STRIP = NO;
				DEBUG_INFORMATION_FORMAT = "dwarf-with-dsym";
				ENABLE_NS_ASSERTIONS = NO;
				ENABLE_STRICT_OBJC_MSGSEND = YES;
				GCC_C_LANGUAGE_STANDARD = gnu11;
				GCC_NO_COMMON_BLOCKS = YES;
				GCC_WARN_64_TO_32_BIT_CONVERSION = YES;
				GCC_WARN_ABOUT_RETURN_TYPE = YES_ERROR;
				GCC_WARN_UNDECLARED_SELECTOR = YES;
				GCC_WARN_UNINITIALIZED_AUTOS = YES_AGGRESSIVE;
				GCC_WARN_UNUSED_FUNCTION = YES;
				GCC_WARN_UNUSED_VARIABLE = YES;
				IPHONEOS_DEPLOYMENT_TARGET = 15.2;
				MTL_ENABLE_DEBUG_INFO = NO;
				MTL_FAST_MATH = YES;
				SDKROOT = iphoneos;
				SWIFT_COMPILATION_MODE = wholemodule;
				SWIFT_OPTIMIZATION_LEVEL = "-O";
				VALIDATE_PRODUCT = YES;
			};
			name = Release;
		};
		3B53B9BA27E3BD3D003F2A6E /* Debug */ = {
			isa = XCBuildConfiguration;
			buildSettings = {
				ASSETCATALOG_COMPILER_APPICON_NAME = AppIcon;
				ASSETCATALOG_COMPILER_GLOBAL_ACCENT_COLOR_NAME = AccentColor;
				CODE_SIGN_STYLE = Automatic;
				CURRENT_PROJECT_VERSION = 1;
				DEVELOPMENT_ASSET_PATHS = "\"NYT/Preview Content\"";
				DEVELOPMENT_TEAM = D3BM54CRMY;
				ENABLE_PREVIEWS = YES;
				GENERATE_INFOPLIST_FILE = YES;
				INFOPLIST_KEY_UIApplicationSceneManifest_Generation = YES;
				INFOPLIST_KEY_UIApplicationSupportsIndirectInputEvents = YES;
				INFOPLIST_KEY_UILaunchScreen_Generation = YES;
				INFOPLIST_KEY_UISupportedInterfaceOrientations_iPad = "UIInterfaceOrientationPortrait UIInterfaceOrientationPortraitUpsideDown UIInterfaceOrientationLandscapeLeft UIInterfaceOrientationLandscapeRight";
				INFOPLIST_KEY_UISupportedInterfaceOrientations_iPhone = "UIInterfaceOrientationPortrait UIInterfaceOrientationLandscapeLeft UIInterfaceOrientationLandscapeRight";
				LD_RUNPATH_SEARCH_PATHS = (
					"$(inherited)",
					"@executable_path/Frameworks",
				);
				MARKETING_VERSION = 1.0;
				PRODUCT_BUNDLE_IDENTIFIER = com.bedi.NYT;
				PRODUCT_NAME = "$(TARGET_NAME)";
				SWIFT_EMIT_LOC_STRINGS = YES;
				SWIFT_VERSION = 5.0;
				TARGETED_DEVICE_FAMILY = "1,2";
			};
			name = Debug;
		};
		3B53B9BB27E3BD3D003F2A6E /* Release */ = {
			isa = XCBuildConfiguration;
			buildSettings = {
				ASSETCATALOG_COMPILER_APPICON_NAME = AppIcon;
				ASSETCATALOG_COMPILER_GLOBAL_ACCENT_COLOR_NAME = AccentColor;
				CODE_SIGN_STYLE = Automatic;
				CURRENT_PROJECT_VERSION = 1;
				DEVELOPMENT_ASSET_PATHS = "\"NYT/Preview Content\"";
				DEVELOPMENT_TEAM = D3BM54CRMY;
				ENABLE_PREVIEWS = YES;
				GENERATE_INFOPLIST_FILE = YES;
				INFOPLIST_KEY_UIApplicationSceneManifest_Generation = YES;
				INFOPLIST_KEY_UIApplicationSupportsIndirectInputEvents = YES;
				INFOPLIST_KEY_UILaunchScreen_Generation = YES;
				INFOPLIST_KEY_UISupportedInterfaceOrientations_iPad = "UIInterfaceOrientationPortrait UIInterfaceOrientationPortraitUpsideDown UIInterfaceOrientationLandscapeLeft UIInterfaceOrientationLandscapeRight";
				INFOPLIST_KEY_UISupportedInterfaceOrientations_iPhone = "UIInterfaceOrientationPortrait UIInterfaceOrientationLandscapeLeft UIInterfaceOrientationLandscapeRight";
				LD_RUNPATH_SEARCH_PATHS = (
					"$(inherited)",
					"@executable_path/Frameworks",
				);
				MARKETING_VERSION = 1.0;
				PRODUCT_BUNDLE_IDENTIFIER = com.bedi.NYT;
				PRODUCT_NAME = "$(TARGET_NAME)";
				SWIFT_EMIT_LOC_STRINGS = YES;
				SWIFT_VERSION = 5.0;
				TARGETED_DEVICE_FAMILY = "1,2";
			};
			name = Release;
		};
		3B53B9BD27E3BD3D003F2A6E /* Debug */ = {
			isa = XCBuildConfiguration;
			buildSettings = {
				ALWAYS_EMBED_SWIFT_STANDARD_LIBRARIES = YES;
				BUNDLE_LOADER = "$(TEST_HOST)";
				CODE_SIGN_STYLE = Automatic;
				CURRENT_PROJECT_VERSION = 1;
				DEVELOPMENT_TEAM = D3BM54CRMY;
				GENERATE_INFOPLIST_FILE = YES;
				IPHONEOS_DEPLOYMENT_TARGET = 15.2;
				MARKETING_VERSION = 1.0;
				PRODUCT_BUNDLE_IDENTIFIER = com.bedi.NYTTests;
				PRODUCT_NAME = "$(TARGET_NAME)";
				SWIFT_EMIT_LOC_STRINGS = NO;
				SWIFT_VERSION = 5.0;
				TARGETED_DEVICE_FAMILY = "1,2";
				TEST_HOST = "$(BUILT_PRODUCTS_DIR)/NYT.app/NYT";
			};
			name = Debug;
		};
		3B53B9BE27E3BD3D003F2A6E /* Release */ = {
			isa = XCBuildConfiguration;
			buildSettings = {
				ALWAYS_EMBED_SWIFT_STANDARD_LIBRARIES = YES;
				BUNDLE_LOADER = "$(TEST_HOST)";
				CODE_SIGN_STYLE = Automatic;
				CURRENT_PROJECT_VERSION = 1;
				DEVELOPMENT_TEAM = D3BM54CRMY;
				GENERATE_INFOPLIST_FILE = YES;
				IPHONEOS_DEPLOYMENT_TARGET = 15.2;
				MARKETING_VERSION = 1.0;
				PRODUCT_BUNDLE_IDENTIFIER = com.bedi.NYTTests;
				PRODUCT_NAME = "$(TARGET_NAME)";
				SWIFT_EMIT_LOC_STRINGS = NO;
				SWIFT_VERSION = 5.0;
				TARGETED_DEVICE_FAMILY = "1,2";
				TEST_HOST = "$(BUILT_PRODUCTS_DIR)/NYT.app/NYT";
			};
			name = Release;
		};
		3B53B9C027E3BD3D003F2A6E /* Debug */ = {
			isa = XCBuildConfiguration;
			buildSettings = {
				ALWAYS_EMBED_SWIFT_STANDARD_LIBRARIES = YES;
				CODE_SIGN_STYLE = Automatic;
				CURRENT_PROJECT_VERSION = 1;
				DEVELOPMENT_TEAM = D3BM54CRMY;
				GENERATE_INFOPLIST_FILE = YES;
				MARKETING_VERSION = 1.0;
				PRODUCT_BUNDLE_IDENTIFIER = com.bedi.NYTUITests;
				PRODUCT_NAME = "$(TARGET_NAME)";
				SWIFT_EMIT_LOC_STRINGS = NO;
				SWIFT_VERSION = 5.0;
				TARGETED_DEVICE_FAMILY = "1,2";
				TEST_TARGET_NAME = NYT;
			};
			name = Debug;
		};
		3B53B9C127E3BD3D003F2A6E /* Release */ = {
			isa = XCBuildConfiguration;
			buildSettings = {
				ALWAYS_EMBED_SWIFT_STANDARD_LIBRARIES = YES;
				CODE_SIGN_STYLE = Automatic;
				CURRENT_PROJECT_VERSION = 1;
				DEVELOPMENT_TEAM = D3BM54CRMY;
				GENERATE_INFOPLIST_FILE = YES;
				MARKETING_VERSION = 1.0;
				PRODUCT_BUNDLE_IDENTIFIER = com.bedi.NYTUITests;
				PRODUCT_NAME = "$(TARGET_NAME)";
				SWIFT_EMIT_LOC_STRINGS = NO;
				SWIFT_VERSION = 5.0;
				TARGETED_DEVICE_FAMILY = "1,2";
				TEST_TARGET_NAME = NYT;
			};
			name = Release;
		};
/* End XCBuildConfiguration section */

/* Begin XCConfigurationList section */
		3B53B99027E3BD3A003F2A6E /* Build configuration list for PBXProject "NYT" */ = {
			isa = XCConfigurationList;
			buildConfigurations = (
				3B53B9B727E3BD3D003F2A6E /* Debug */,
				3B53B9B827E3BD3D003F2A6E /* Release */,
			);
			defaultConfigurationIsVisible = 0;
			defaultConfigurationName = Release;
		};
		3B53B9B927E3BD3D003F2A6E /* Build configuration list for PBXNativeTarget "NYT" */ = {
			isa = XCConfigurationList;
			buildConfigurations = (
				3B53B9BA27E3BD3D003F2A6E /* Debug */,
				3B53B9BB27E3BD3D003F2A6E /* Release */,
			);
			defaultConfigurationIsVisible = 0;
			defaultConfigurationName = Release;
		};
		3B53B9BC27E3BD3D003F2A6E /* Build configuration list for PBXNativeTarget "NYTTests" */ = {
			isa = XCConfigurationList;
			buildConfigurations = (
				3B53B9BD27E3BD3D003F2A6E /* Debug */,
				3B53B9BE27E3BD3D003F2A6E /* Release */,
			);
			defaultConfigurationIsVisible = 0;
			defaultConfigurationName = Release;
		};
		3B53B9BF27E3BD3D003F2A6E /* Build configuration list for PBXNativeTarget "NYTUITests" */ = {
			isa = XCConfigurationList;
			buildConfigurations = (
				3B53B9C027E3BD3D003F2A6E /* Debug */,
				3B53B9C127E3BD3D003F2A6E /* Release */,
			);
			defaultConfigurationIsVisible = 0;
			defaultConfigurationName = Release;
		};
/* End XCConfigurationList section */

/* Begin XCRemoteSwiftPackageReference section */
		3B53B9FF27E4688E003F2A6E /* XCRemoteSwiftPackageReference "Kingfisher" */ = {
			isa = XCRemoteSwiftPackageReference;
			repositoryURL = "https://github.com/onevcat/Kingfisher";
			requirement = {
				kind = upToNextMajorVersion;
				minimumVersion = 7.0.0;
			};
		};
/* End XCRemoteSwiftPackageReference section */

/* Begin XCSwiftPackageProductDependency section */
		3B53BA0027E4688E003F2A6E /* Kingfisher */ = {
			isa = XCSwiftPackageProductDependency;
			package = 3B53B9FF27E4688E003F2A6E /* XCRemoteSwiftPackageReference "Kingfisher" */;
			productName = Kingfisher;
		};
/* End XCSwiftPackageProductDependency section */
	};
	rootObject = 3B53B98D27E3BD3A003F2A6E /* Project object */;
}
